// !$*UTF8*$!
{
	archiveVersion = 1;
	classes = {
	};
	objectVersion = 51;
	objects = {

/* Begin PBXBuildFile section */
		319309E22526043D00BFB9BE /* AppDelegate.swift in Sources */ = {isa = PBXBuildFile; fileRef = 319309E12526043D00BFB9BE /* AppDelegate.swift */; };
		319309E42526043D00BFB9BE /* SceneDelegate.swift in Sources */ = {isa = PBXBuildFile; fileRef = 319309E32526043D00BFB9BE /* SceneDelegate.swift */; };
		319309E62526043D00BFB9BE /* ViewController.swift in Sources */ = {isa = PBXBuildFile; fileRef = 319309E52526043D00BFB9BE /* ViewController.swift */; };
		319309E92526043D00BFB9BE /* Main.storyboard in Resources */ = {isa = PBXBuildFile; fileRef = 319309E72526043D00BFB9BE /* Main.storyboard */; };
		319309EB2526044000BFB9BE /* Assets.xcassets in Resources */ = {isa = PBXBuildFile; fileRef = 319309EA2526044000BFB9BE /* Assets.xcassets */; };
		319309EE2526044000BFB9BE /* LaunchScreen.storyboard in Resources */ = {isa = PBXBuildFile; fileRef = 319309EC2526044000BFB9BE /* LaunchScreen.storyboard */; };
		D822AA2CA88D632F136EECEA /* Pods_SageReceiptScanner.framework in Frameworks */ = {isa = PBXBuildFile; fileRef = 59ADD0FF19DC7187E9F7770D /* Pods_SageReceiptScanner.framework */; };
/* End PBXBuildFile section */

/* Begin PBXFileReference section */
		319309DE2526043D00BFB9BE /* SageReceiptScanner.app */ = {isa = PBXFileReference; explicitFileType = wrapper.application; includeInIndex = 0; path = SageReceiptScanner.app; sourceTree = BUILT_PRODUCTS_DIR; };
		319309E12526043D00BFB9BE /* AppDelegate.swift */ = {isa = PBXFileReference; lastKnownFileType = sourcecode.swift; path = AppDelegate.swift; sourceTree = "<group>"; };
		319309E32526043D00BFB9BE /* SceneDelegate.swift */ = {isa = PBXFileReference; lastKnownFileType = sourcecode.swift; path = SceneDelegate.swift; sourceTree = "<group>"; };
		319309E52526043D00BFB9BE /* ViewController.swift */ = {isa = PBXFileReference; lastKnownFileType = sourcecode.swift; path = ViewController.swift; sourceTree = "<group>"; };
		319309E82526043D00BFB9BE /* Base */ = {isa = PBXFileReference; lastKnownFileType = file.storyboard; name = Base; path = Base.lproj/Main.storyboard; sourceTree = "<group>"; };
		319309EA2526044000BFB9BE /* Assets.xcassets */ = {isa = PBXFileReference; lastKnownFileType = folder.assetcatalog; path = Assets.xcassets; sourceTree = "<group>"; };
		319309ED2526044000BFB9BE /* Base */ = {isa = PBXFileReference; lastKnownFileType = file.storyboard; name = Base; path = Base.lproj/LaunchScreen.storyboard; sourceTree = "<group>"; };
		319309EF2526044000BFB9BE /* Info.plist */ = {isa = PBXFileReference; lastKnownFileType = text.plist.xml; path = Info.plist; sourceTree = "<group>"; };
		59ADD0FF19DC7187E9F7770D /* Pods_SageReceiptScanner.framework */ = {isa = PBXFileReference; explicitFileType = wrapper.framework; includeInIndex = 0; path = Pods_SageReceiptScanner.framework; sourceTree = BUILT_PRODUCTS_DIR; };
		74588238AFD9A89674CFD7FC /* Pods-SageReceiptScanner.release.xcconfig */ = {isa = PBXFileReference; includeInIndex = 1; lastKnownFileType = text.xcconfig; name = "Pods-SageReceiptScanner.release.xcconfig"; path = "Target Support Files/Pods-SageReceiptScanner/Pods-SageReceiptScanner.release.xcconfig"; sourceTree = "<group>"; };
		F0E896A0308012687BA7E1F3 /* Pods-SageReceiptScanner.debug.xcconfig */ = {isa = PBXFileReference; includeInIndex = 1; lastKnownFileType = text.xcconfig; name = "Pods-SageReceiptScanner.debug.xcconfig"; path = "Target Support Files/Pods-SageReceiptScanner/Pods-SageReceiptScanner.debug.xcconfig"; sourceTree = "<group>"; };
/* End PBXFileReference section */

/* Begin PBXFrameworksBuildPhase section */
		319309DB2526043D00BFB9BE /* Frameworks */ = {
			isa = PBXFrameworksBuildPhase;
			buildActionMask = 2147483647;
			files = (
				D822AA2CA88D632F136EECEA /* Pods_SageReceiptScanner.framework in Frameworks */,
			);
			runOnlyForDeploymentPostprocessing = 0;
		};
/* End PBXFrameworksBuildPhase section */

/* Begin PBXGroup section */
		319309D52526043C00BFB9BE = {
			isa = PBXGroup;
			children = (
				319309E02526043D00BFB9BE /* SageReceiptScanner */,
				319309DF2526043D00BFB9BE /* Products */,
				83192D70B4065F50E8674A6F /* Pods */,
				CC9B54D4316539A0E8972C3A /* Frameworks */,
			);
			sourceTree = "<group>";
		};
		319309DF2526043D00BFB9BE /* Products */ = {
			isa = PBXGroup;
			children = (
				319309DE2526043D00BFB9BE /* SageReceiptScanner.app */,
			);
			name = Products;
			sourceTree = "<group>";
		};
		319309E02526043D00BFB9BE /* SageReceiptScanner */ = {
			isa = PBXGroup;
			children = (
				319309E12526043D00BFB9BE /* AppDelegate.swift */,
				319309E32526043D00BFB9BE /* SceneDelegate.swift */,
				319309E52526043D00BFB9BE /* ViewController.swift */,
				319309E72526043D00BFB9BE /* Main.storyboard */,
				319309EA2526044000BFB9BE /* Assets.xcassets */,
				319309EC2526044000BFB9BE /* LaunchScreen.storyboard */,
				319309EF2526044000BFB9BE /* Info.plist */,
			);
			path = SageReceiptScanner;
			sourceTree = "<group>";
		};
		83192D70B4065F50E8674A6F /* Pods */ = {
			isa = PBXGroup;
			children = (
				F0E896A0308012687BA7E1F3 /* Pods-SageReceiptScanner.debug.xcconfig */,
				74588238AFD9A89674CFD7FC /* Pods-SageReceiptScanner.release.xcconfig */,
			);
			path = Pods;
			sourceTree = "<group>";
		};
		CC9B54D4316539A0E8972C3A /* Frameworks */ = {
			isa = PBXGroup;
			children = (
				59ADD0FF19DC7187E9F7770D /* Pods_SageReceiptScanner.framework */,
			);
			name = Frameworks;
			sourceTree = "<group>";
		};
/* End PBXGroup section */

/* Begin PBXNativeTarget section */
		319309DD2526043D00BFB9BE /* SageReceiptScanner */ = {
			isa = PBXNativeTarget;
			buildConfigurationList = 319309F22526044000BFB9BE /* Build configuration list for PBXNativeTarget "SageReceiptScanner" */;
			buildPhases = (
				7D219C9413751CB59359EB41 /* [CP] Check Pods Manifest.lock */,
				319309DA2526043D00BFB9BE /* Sources */,
				319309DB2526043D00BFB9BE /* Frameworks */,
				319309DC2526043D00BFB9BE /* Resources */,
				16C45BB3C47ED63557C960BD /* [CP] Embed Pods Frameworks */,
			);
			buildRules = (
			);
			dependencies = (
			);
			name = SageReceiptScanner;
			productName = ReceiptScanner;
			productReference = 319309DE2526043D00BFB9BE /* SageReceiptScanner.app */;
			productType = "com.apple.product-type.application";
		};
/* End PBXNativeTarget section */

/* Begin PBXProject section */
		319309D62526043C00BFB9BE /* Project object */ = {
			isa = PBXProject;
			attributes = {
				LastSwiftUpdateCheck = 1200;
				LastUpgradeCheck = 1200;
				TargetAttributes = {
					319309DD2526043D00BFB9BE = {
						CreatedOnToolsVersion = 12.0.1;
					};
				};
			};
			buildConfigurationList = 319309D92526043C00BFB9BE /* Build configuration list for PBXProject "SageReceiptScanner" */;
			compatibilityVersion = "Xcode 9.3";
			developmentRegion = en;
			hasScannedForEncodings = 0;
			knownRegions = (
				en,
				Base,
			);
			mainGroup = 319309D52526043C00BFB9BE;
			productRefGroup = 319309DF2526043D00BFB9BE /* Products */;
			projectDirPath = "";
			projectRoot = "";
			targets = (
				319309DD2526043D00BFB9BE /* SageReceiptScanner */,
			);
		};
/* End PBXProject section */

/* Begin PBXResourcesBuildPhase section */
		319309DC2526043D00BFB9BE /* Resources */ = {
			isa = PBXResourcesBuildPhase;
			buildActionMask = 2147483647;
			files = (
				319309EE2526044000BFB9BE /* LaunchScreen.storyboard in Resources */,
				319309EB2526044000BFB9BE /* Assets.xcassets in Resources */,
				319309E92526043D00BFB9BE /* Main.storyboard in Resources */,
			);
			runOnlyForDeploymentPostprocessing = 0;
		};
/* End PBXResourcesBuildPhase section */

/* Begin PBXShellScriptBuildPhase section */
		16C45BB3C47ED63557C960BD /* [CP] Embed Pods Frameworks */ = {
			isa = PBXShellScriptBuildPhase;
			buildActionMask = 2147483647;
			files = (
			);
			inputFileListPaths = (
				"${PODS_ROOT}/Target Support Files/Pods-SageReceiptScanner/Pods-SageReceiptScanner-frameworks-${CONFIGURATION}-input-files.xcfilelist",
			);
			name = "[CP] Embed Pods Frameworks";
			outputFileListPaths = (
				"${PODS_ROOT}/Target Support Files/Pods-SageReceiptScanner/Pods-SageReceiptScanner-frameworks-${CONFIGURATION}-output-files.xcfilelist",
			);
			runOnlyForDeploymentPostprocessing = 0;
			shellPath = /bin/sh;
			shellScript = "\"${PODS_ROOT}/Target Support Files/Pods-SageReceiptScanner/Pods-SageReceiptScanner-frameworks.sh\"\n";
			showEnvVarsInLog = 0;
		};
		7D219C9413751CB59359EB41 /* [CP] Check Pods Manifest.lock */ = {
			isa = PBXShellScriptBuildPhase;
			buildActionMask = 2147483647;
			files = (
			);
			inputFileListPaths = (
			);
			inputPaths = (
				"${PODS_PODFILE_DIR_PATH}/Podfile.lock",
				"${PODS_ROOT}/Manifest.lock",
			);
			name = "[CP] Check Pods Manifest.lock";
			outputFileListPaths = (
			);
			outputPaths = (
				"$(DERIVED_FILE_DIR)/Pods-SageReceiptScanner-checkManifestLockResult.txt",
			);
			runOnlyForDeploymentPostprocessing = 0;
			shellPath = /bin/sh;
			shellScript = "diff \"${PODS_PODFILE_DIR_PATH}/Podfile.lock\" \"${PODS_ROOT}/Manifest.lock\" > /dev/null\nif [ $? != 0 ] ; then\n    # print error to STDERR\n    echo \"error: The sandbox is not in sync with the Podfile.lock. Run 'pod install' or update your CocoaPods installation.\" >&2\n    exit 1\nfi\n# This output is used by Xcode 'outputs' to avoid re-running this script phase.\necho \"SUCCESS\" > \"${SCRIPT_OUTPUT_FILE_0}\"\n";
			showEnvVarsInLog = 0;
		};
/* End PBXShellScriptBuildPhase section */

/* Begin PBXSourcesBuildPhase section */
		319309DA2526043D00BFB9BE /* Sources */ = {
			isa = PBXSourcesBuildPhase;
			buildActionMask = 2147483647;
			files = (
				319309E62526043D00BFB9BE /* ViewController.swift in Sources */,
				319309E22526043D00BFB9BE /* AppDelegate.swift in Sources */,
				319309E42526043D00BFB9BE /* SceneDelegate.swift in Sources */,
			);
			runOnlyForDeploymentPostprocessing = 0;
		};
/* End PBXSourcesBuildPhase section */

/* Begin PBXVariantGroup section */
		319309E72526043D00BFB9BE /* Main.storyboard */ = {
			isa = PBXVariantGroup;
			children = (
				319309E82526043D00BFB9BE /* Base */,
			);
			name = Main.storyboard;
			sourceTree = "<group>";
		};
		319309EC2526044000BFB9BE /* LaunchScreen.storyboard */ = {
			isa = PBXVariantGroup;
			children = (
				319309ED2526044000BFB9BE /* Base */,
			);
			name = LaunchScreen.storyboard;
			sourceTree = "<group>";
		};
/* End PBXVariantGroup section */

/* Begin XCBuildConfiguration section */
		319309F02526044000BFB9BE /* Debug */ = {
			isa = XCBuildConfiguration;
			buildSettings = {
				ALWAYS_SEARCH_USER_PATHS = NO;
				CLANG_ANALYZER_NONNULL = YES;
				CLANG_ANALYZER_NUMBER_OBJECT_CONVERSION = YES_AGGRESSIVE;
				CLANG_CXX_LANGUAGE_STANDARD = "gnu++14";
				CLANG_CXX_LIBRARY = "libc++";
				CLANG_ENABLE_MODULES = YES;
				CLANG_ENABLE_OBJC_ARC = YES;
				CLANG_ENABLE_OBJC_WEAK = YES;
				CLANG_WARN_BLOCK_CAPTURE_AUTORELEASING = YES;
				CLANG_WARN_BOOL_CONVERSION = YES;
				CLANG_WARN_COMMA = YES;
				CLANG_WARN_CONSTANT_CONVERSION = YES;
				CLANG_WARN_DEPRECATED_OBJC_IMPLEMENTATIONS = YES;
				CLANG_WARN_DIRECT_OBJC_ISA_USAGE = YES_ERROR;
				CLANG_WARN_DOCUMENTATION_COMMENTS = YES;
				CLANG_WARN_EMPTY_BODY = YES;
				CLANG_WARN_ENUM_CONVERSION = YES;
				CLANG_WARN_INFINITE_RECURSION = YES;
				CLANG_WARN_INT_CONVERSION = YES;
				CLANG_WARN_NON_LITERAL_NULL_CONVERSION = YES;
				CLANG_WARN_OBJC_IMPLICIT_RETAIN_SELF = YES;
				CLANG_WARN_OBJC_LITERAL_CONVERSION = YES;
				CLANG_WARN_OBJC_ROOT_CLASS = YES_ERROR;
				CLANG_WARN_QUOTED_INCLUDE_IN_FRAMEWORK_HEADER = YES;
				CLANG_WARN_RANGE_LOOP_ANALYSIS = YES;
				CLANG_WARN_STRICT_PROTOTYPES = YES;
				CLANG_WARN_SUSPICIOUS_MOVE = YES;
				CLANG_WARN_UNGUARDED_AVAILABILITY = YES_AGGRESSIVE;
				CLANG_WARN_UNREACHABLE_CODE = YES;
				CLANG_WARN__DUPLICATE_METHOD_MATCH = YES;
				COPY_PHASE_STRIP = NO;
				DEBUG_INFORMATION_FORMAT = dwarf;
				ENABLE_STRICT_OBJC_MSGSEND = YES;
				ENABLE_TESTABILITY = YES;
				GCC_C_LANGUAGE_STANDARD = gnu11;
				GCC_DYNAMIC_NO_PIC = NO;
				GCC_NO_COMMON_BLOCKS = YES;
				GCC_OPTIMIZATION_LEVEL = 0;
				GCC_PREPROCESSOR_DEFINITIONS = (
					"DEBUG=1",
					"$(inherited)",
				);
				GCC_WARN_64_TO_32_BIT_CONVERSION = YES;
				GCC_WARN_ABOUT_RETURN_TYPE = YES_ERROR;
				GCC_WARN_UNDECLARED_SELECTOR = YES;
				GCC_WARN_UNINITIALIZED_AUTOS = YES_AGGRESSIVE;
				GCC_WARN_UNUSED_FUNCTION = YES;
				GCC_WARN_UNUSED_VARIABLE = YES;
				IPHONEOS_DEPLOYMENT_TARGET = 14.0;
				MTL_ENABLE_DEBUG_INFO = INCLUDE_SOURCE;
				MTL_FAST_MATH = YES;
				ONLY_ACTIVE_ARCH = YES;
				SDKROOT = iphoneos;
				SWIFT_ACTIVE_COMPILATION_CONDITIONS = DEBUG;
				SWIFT_OPTIMIZATION_LEVEL = "-Onone";
			};
			name = Debug;
		};
		319309F12526044000BFB9BE /* Release */ = {
			isa = XCBuildConfiguration;
			buildSettings = {
				ALWAYS_SEARCH_USER_PATHS = NO;
				CLANG_ANALYZER_NONNULL = YES;
				CLANG_ANALYZER_NUMBER_OBJECT_CONVERSION = YES_AGGRESSIVE;
				CLANG_CXX_LANGUAGE_STANDARD = "gnu++14";
				CLANG_CXX_LIBRARY = "libc++";
				CLANG_ENABLE_MODULES = YES;
				CLANG_ENABLE_OBJC_ARC = YES;
				CLANG_ENABLE_OBJC_WEAK = YES;
				CLANG_WARN_BLOCK_CAPTURE_AUTORELEASING = YES;
				CLANG_WARN_BOOL_CONVERSION = YES;
				CLANG_WARN_COMMA = YES;
				CLANG_WARN_CONSTANT_CONVERSION = YES;
				CLANG_WARN_DEPRECATED_OBJC_IMPLEMENTATIONS = YES;
				CLANG_WARN_DIRECT_OBJC_ISA_USAGE = YES_ERROR;
				CLANG_WARN_DOCUMENTATION_COMMENTS = YES;
				CLANG_WARN_EMPTY_BODY = YES;
				CLANG_WARN_ENUM_CONVERSION = YES;
				CLANG_WARN_INFINITE_RECURSION = YES;
				CLANG_WARN_INT_CONVERSION = YES;
				CLANG_WARN_NON_LITERAL_NULL_CONVERSION = YES;
				CLANG_WARN_OBJC_IMPLICIT_RETAIN_SELF = YES;
				CLANG_WARN_OBJC_LITERAL_CONVERSION = YES;
				CLANG_WARN_OBJC_ROOT_CLASS = YES_ERROR;
				CLANG_WARN_QUOTED_INCLUDE_IN_FRAMEWORK_HEADER = YES;
				CLANG_WARN_RANGE_LOOP_ANALYSIS = YES;
				CLANG_WARN_STRICT_PROTOTYPES = YES;
				CLANG_WARN_SUSPICIOUS_MOVE = YES;
				CLANG_WARN_UNGUARDED_AVAILABILITY = YES_AGGRESSIVE;
				CLANG_WARN_UNREACHABLE_CODE = YES;
				CLANG_WARN__DUPLICATE_METHOD_MATCH = YES;
				COPY_PHASE_STRIP = NO;
				DEBUG_INFORMATION_FORMAT = "dwarf-with-dsym";
				ENABLE_NS_ASSERTIONS = NO;
				ENABLE_STRICT_OBJC_MSGSEND = YES;
				GCC_C_LANGUAGE_STANDARD = gnu11;
				GCC_NO_COMMON_BLOCKS = YES;
				GCC_WARN_64_TO_32_BIT_CONVERSION = YES;
				GCC_WARN_ABOUT_RETURN_TYPE = YES_ERROR;
				GCC_WARN_UNDECLARED_SELECTOR = YES;
				GCC_WARN_UNINITIALIZED_AUTOS = YES_AGGRESSIVE;
				GCC_WARN_UNUSED_FUNCTION = YES;
				GCC_WARN_UNUSED_VARIABLE = YES;
				IPHONEOS_DEPLOYMENT_TARGET = 14.0;
				MTL_ENABLE_DEBUG_INFO = NO;
				MTL_FAST_MATH = YES;
				SDKROOT = iphoneos;
				SWIFT_COMPILATION_MODE = wholemodule;
				SWIFT_OPTIMIZATION_LEVEL = "-O";
				VALIDATE_PRODUCT = YES;
			};
			name = Release;
		};
		319309F32526044000BFB9BE /* Debug */ = {
			isa = XCBuildConfiguration;
			baseConfigurationReference = F0E896A0308012687BA7E1F3 /* Pods-SageReceiptScanner.debug.xcconfig */;
			buildSettings = {
				ASSETCATALOG_COMPILER_APPICON_NAME = AppIcon;
				ASSETCATALOG_COMPILER_GLOBAL_ACCENT_COLOR_NAME = AccentColor;
				CODE_SIGN_STYLE = Automatic;
				CURRENT_PROJECT_VERSION = 1;
				DEVELOPMENT_TEAM = 65YBY3NSP3;
				INFOPLIST_FILE = ReceiptScanner/Info.plist;
				IPHONEOS_DEPLOYMENT_TARGET = 13.0;
				LD_RUNPATH_SEARCH_PATHS = (
					"$(inherited)",
					"@executable_path/Frameworks",
				);
				MARKETING_VERSION = 1.0.0;
				PRODUCT_BUNDLE_IDENTIFIER = com.hoowie.SageReceiptScanner;
				PRODUCT_NAME = "$(TARGET_NAME)";
				SWIFT_VERSION = 5.0;
				TARGETED_DEVICE_FAMILY = "1,2";
			};
			name = Debug;
		};
		319309F42526044000BFB9BE /* Release */ = {
			isa = XCBuildConfiguration;
			baseConfigurationReference = 74588238AFD9A89674CFD7FC /* Pods-SageReceiptScanner.release.xcconfig */;
			buildSettings = {
				ASSETCATALOG_COMPILER_APPICON_NAME = AppIcon;
				ASSETCATALOG_COMPILER_GLOBAL_ACCENT_COLOR_NAME = AccentColor;
				CODE_SIGN_STYLE = Automatic;
				CURRENT_PROJECT_VERSION = 1;
				DEVELOPMENT_TEAM = 65YBY3NSP3;
				INFOPLIST_FILE = ReceiptScanner/Info.plist;
				IPHONEOS_DEPLOYMENT_TARGET = 13.0;
				LD_RUNPATH_SEARCH_PATHS = (
					"$(inherited)",
					"@executable_path/Frameworks",
				);
				MARKETING_VERSION = 1.0.0;
				PRODUCT_BUNDLE_IDENTIFIER = com.hoowie.SageReceiptScanner;
				PRODUCT_NAME = "$(TARGET_NAME)";
				SWIFT_VERSION = 5.0;
				TARGETED_DEVICE_FAMILY = "1,2";
			};
			name = Release;
		};
/* End XCBuildConfiguration section */

/* Begin XCConfigurationList section */
		319309D92526043C00BFB9BE /* Build configuration list for PBXProject "SageReceiptScanner" */ = {
			isa = XCConfigurationList;
			buildConfigurations = (
				319309F02526044000BFB9BE /* Debug */,
				319309F12526044000BFB9BE /* Release */,
			);
			defaultConfigurationIsVisible = 0;
			defaultConfigurationName = Release;
		};
		319309F22526044000BFB9BE /* Build configuration list for PBXNativeTarget "SageReceiptScanner" */ = {
			isa = XCConfigurationList;
			buildConfigurations = (
				319309F32526044000BFB9BE /* Debug */,
				319309F42526044000BFB9BE /* Release */,
			);
			defaultConfigurationIsVisible = 0;
			defaultConfigurationName = Release;
		};
/* End XCConfigurationList section */
	};
	rootObject = 319309D62526043C00BFB9BE /* Project object */;
}
